
Microsoft Visual Studio Solution File, Format Version 12.00
# Visual Studio Version 17
VisualStudioVersion = 17.10.35013.160
MinimumVisualStudioVersion = 10.0.40219.1
Project("{9A19103F-16F7-4668-BE54-9A1E7A4F7556}") = "UniqueList", "UniqueList\UniqueList.csproj", "{5B426375-FB09-4C06-9F7B-D9588DA5B1A8}"
EndProject
Project("{FAE04EC0-301F-11D3-BF4B-00C04F79EFBC}") = "UniqueListTests", "UniqueListTests\UniqueListTests.csproj", "{B9F47631-609A-4A99-BE6F-02A17B5D6210}"
EndProject
Global
	GlobalSection(SolutionConfigurationPlatforms) = preSolution
		Debug|Any CPU = Debug|Any CPU
		Release|Any CPU = Release|Any CPU
	EndGlobalSection
	GlobalSection(ProjectConfigurationPlatforms) = postSolution
		{5B426375-FB09-4C06-9F7B-D9588DA5B1A8}.Debug|Any CPU.ActiveCfg = Debug|Any CPU
		{5B426375-FB09-4C06-9F7B-D9588DA5B1A8}.Debug|Any CPU.Build.0 = Debug|Any CPU
		{5B426375-FB09-4C06-9F7B-D9588DA5B1A8}.Release|Any CPU.ActiveCfg = Release|Any CPU
		{5B426375-FB09-4C06-9F7B-D9588DA5B1A8}.Release|Any CPU.Build.0 = Release|Any CPU
		{B9F47631-609A-4A99-BE6F-02A17B5D6210}.Debug|Any CPU.ActiveCfg = Debug|Any CPU
		{B9F47631-609A-4A99-BE6F-02A17B5D6210}.Debug|Any CPU.Build.0 = Debug|Any CPU
		{B9F47631-609A-4A99-BE6F-02A17B5D6210}.Release|Any CPU.ActiveCfg = Release|Any CPU
		{B9F47631-609A-4A99-BE6F-02A17B5D6210}.Release|Any CPU.Build.0 = Release|Any CPU
	EndGlobalSection
	GlobalSection(SolutionProperties) = preSolution
		HideSolutionNode = FALSE
	EndGlobalSection
	GlobalSection(ExtensibilityGlobals) = postSolution
		SolutionGuid = {BFDC3172-0563-43D9-948B-4478BBFB1CCE}
	EndGlobalSection
EndGlobal
