
Microsoft Visual Studio Solution File, Format Version 12.00
# Visual Studio Version 17
VisualStudioVersion = 17.10.35013.160
MinimumVisualStudioVersion = 10.0.40219.1
Project("{FAE04EC0-301F-11D3-BF4B-00C04F79EFBC}") = "Calculator", "Calculator\Calculator.csproj", "{ED6EC5E2-A3D7-4521-A9DA-B4BB930C5538}"
EndProject
Global
	GlobalSection(SolutionConfigurationPlatforms) = preSolution
		Debug|Any CPU = Debug|Any CPU
		Release|Any CPU = Release|Any CPU
	EndGlobalSection
	GlobalSection(ProjectConfigurationPlatforms) = postSolution
		{ED6EC5E2-A3D7-4521-A9DA-B4BB930C5538}.Debug|Any CPU.ActiveCfg = Debug|Any CPU
		{ED6EC5E2-A3D7-4521-A9DA-B4BB930C5538}.Debug|Any CPU.Build.0 = Debug|Any CPU
		{ED6EC5E2-A3D7-4521-A9DA-B4BB930C5538}.Release|Any CPU.ActiveCfg = Release|Any CPU
		{ED6EC5E2-A3D7-4521-A9DA-B4BB930C5538}.Release|Any CPU.Build.0 = Release|Any CPU
	EndGlobalSection
	GlobalSection(SolutionProperties) = preSolution
		HideSolutionNode = FALSE
	EndGlobalSection
	GlobalSection(ExtensibilityGlobals) = postSolution
		SolutionGuid = {4606E5F1-FF01-40B8-AF74-A4C3737F532A}
	EndGlobalSection
EndGlobal
